{
  "name": "adwaita-theme",
  "version": "1.0.8",
  "lockfileVersion": 2,
  "requires": true,
  "packages": {
    "": {
      "name": "adwaita-theme",
      "version": "1.0.8",
      "license": "GPL-3.0-only",
      "devDependencies": {
        "@gi-types/adw1": "^1.1.1",
        "@gi-types/gjs-environment": "^1.1.0",
        "@gi-types/gtk4": "^4.6.1"
      },
      "engines": {
        "vscode": "^1.65.0"
      }
    },
    "node_modules/@gi-types/adw1": {
      "version": "1.1.1",
      "resolved": "https://registry.npmjs.org/@gi-types/adw1/-/adw1-1.1.1.tgz",
      "integrity": "sha512-w+NxplCUf2AeVdSwkicbVrIOB5QJd9BQo1BI3Xq+2IZkgMRePIUG9/eGsrvmzxKU00EiH211KEwqGe/2UOmomQ==",
      "dev": true,
      "dependencies": {
        "@gi-types/gdk4": "^4.0.1",
        "@gi-types/gio2": "^2.68.0",
        "@gi-types/glib2": "^2.68.0",
        "@gi-types/gobject2": "^2.68.0",
        "@gi-types/gsk4": "^4.0.1",
        "@gi-types/gtk4": "^4.6.1"
      }
    },
    "node_modules/@gi-types/cairo1": {
      "version": "1.0.1",
      "resolved": "https://registry.npmjs.org/@gi-types/cairo1/-/cairo1-1.0.1.tgz",
      "integrity": "sha512-Q92XKfTWVmtF3LBX9Kx7TkdRjeaZeb8llC01p9WgbkVfFX1d2VO4LrqYgeNkThwmJpscHzDzGF0uv5njsfd4xg==",
      "dev": true,
      "dependencies": {
        "@gi-types/gobject2": "^2.72.1"
      }
    },
    "node_modules/@gi-types/freetype22": {
      "version": "2.0.1",
      "resolved": "https://registry.npmjs.org/@gi-types/freetype22/-/freetype22-2.0.1.tgz",
      "integrity": "sha512-3p4XvTSn6o1UCGpla/1KhvMIwZkgIyBtGErbnXuAvGzULtlseQjX2IljY4fi2FKtFd9ngRtIIF71inRPUIj+1w==",
      "dev": true,
      "dependencies": {
        "@gi-types/gobject2": "^2.72.1"
      }
    },
    "node_modules/@gi-types/gdk4": {
      "version": "4.0.1",
      "resolved": "https://registry.npmjs.org/@gi-types/gdk4/-/gdk4-4.0.1.tgz",
      "integrity": "sha512-Msf4bWdw8A0qorTvbvWgCwMno8nUCGLiDcEhNI6iqh6o8IJKchID9a51j6KeqpHkwSPZAcaR2TKM+CVafa4pOw==",
      "dev": true,
      "dependencies": {
        "@gi-types/cairo1": "^1.0.0",
        "@gi-types/gdkpixbuf2": "^2.0.0",
        "@gi-types/gio2": "^2.68.0",
        "@gi-types/glib2": "^2.68.0",
        "@gi-types/gobject2": "^2.68.0",
        "@gi-types/pango1": "^1.0.0"
      }
    },
    "node_modules/@gi-types/gdkpixbuf2": {
      "version": "2.0.2",
      "resolved": "https://registry.npmjs.org/@gi-types/gdkpixbuf2/-/gdkpixbuf2-2.0.2.tgz",
      "integrity": "sha512-vwopihyKOjJszDPvMj+T2XO6hMWYRmhW/uSrfCeCudMhzmJBrpIzmRZTYfeTgMMDU8cuWydCjacbiD7hSio0tw==",
      "dev": true,
      "dependencies": {
        "@gi-types/gio2": "^2.72.1",
        "@gi-types/glib2": "^2.72.1",
        "@gi-types/gmodule2": "^2.0.1",
        "@gi-types/gobject2": "^2.72.1"
      }
    },
    "node_modules/@gi-types/gio2": {
      "version": "2.72.1",
      "resolved": "https://registry.npmjs.org/@gi-types/gio2/-/gio2-2.72.1.tgz",
      "integrity": "sha512-V3ASxEbq4xBdw/rcROEbNrTqtFtWfwFOcOsXO+48JPIEqZRTJZcf9LX/ATxi9hxaZXogpmOBMsxuyNsd5ZQXyA==",
      "dev": true,
      "dependencies": {
        "@gi-types/glib2": "^2.72.1",
        "@gi-types/gobject2": "^2.72.1"
      }
    },
    "node_modules/@gi-types/gjs-environment": {
      "version": "1.1.0",
      "resolved": "https://registry.npmjs.org/@gi-types/gjs-environment/-/gjs-environment-1.1.0.tgz",
      "integrity": "sha512-WXQ1xwuLou5qobQ76LyYxU5bgZYNbkypm3ZLphNWZLuj8C9MbWmb9BJihdq2IAAyH6+HIrrN6ss1syu7IJZUaA==",
      "dev": true,
      "dependencies": {
        "@gi-types/gio2": "^2.68.0",
        "@gi-types/glib2": "^2.68.0",
        "@gi-types/gobject2": "^2.68.0"
      }
    },
    "node_modules/@gi-types/glib2": {
      "version": "2.72.1",
      "resolved": "https://registry.npmjs.org/@gi-types/glib2/-/glib2-2.72.1.tgz",
      "integrity": "sha512-Mfhs1UGV1a0GOLolqA1xC2oVV5cILbJjGh/M9Db3irqWNIWGM0LUFkoG2nRMBpJ0enhIYbqY9CCpGlMpAnyxOw==",
      "dev": true,
      "dependencies": {
        "@gi-types/gobject2": "^2.72.1"
      }
    },
    "node_modules/@gi-types/gmodule2": {
      "version": "2.0.1",
      "resolved": "https://registry.npmjs.org/@gi-types/gmodule2/-/gmodule2-2.0.1.tgz",
      "integrity": "sha512-thIYqYL3ALKBLR/zpjrlXro1m9UTv6eAYyuIdpPtmQvlaggBLoUakYl6mzNmqcb22OIlq/8jJrVx+cjFxdPd/A==",
      "dev": true,
      "dependencies": {
        "@gi-types/glib2": "^2.72.1",
        "@gi-types/gobject2": "^2.72.1"
      }
    },
    "node_modules/@gi-types/gobject2": {
      "version": "2.72.1",
      "resolved": "https://registry.npmjs.org/@gi-types/gobject2/-/gobject2-2.72.1.tgz",
      "integrity": "sha512-1UUD2zzwRo7vJLu0J62L1cgB39wjYNs1+6qS0UBhdLhzkOWK+CnVII9CNh21Z4YBs0Oa2d5REeGUiZO4d7a6Zw==",
      "dev": true,
      "dependencies": {
        "@gi-types/glib2": "^2.72.1"
      }
    },
    "node_modules/@gi-types/graphene1": {
      "version": "1.0.1",
      "resolved": "https://registry.npmjs.org/@gi-types/graphene1/-/graphene1-1.0.1.tgz",
      "integrity": "sha512-O5cJG/eIi912eF1zcaXrSur25LgMJDU+VhFDnYuO4Latj32eypFJf5Sw3KOZvN2EoctIBxjutbXLOxYYKMBhHA==",
      "dev": true,
      "dependencies": {
        "@gi-types/gobject2": "^2.68.0"
      }
    },
    "node_modules/@gi-types/gsk4": {
      "version": "4.0.1",
      "resolved": "https://registry.npmjs.org/@gi-types/gsk4/-/gsk4-4.0.1.tgz",
      "integrity": "sha512-/OtGBQwwtyQw7vjkfC4/P2pQf9hrtB89sXhDyKQG5B2UJ/LTAQQJNK7vu4u2W0Y922WK/zqrzimBy38JUoPO5Q==",
      "dev": true,
      "dependencies": {
        "@gi-types/cairo1": "^1.0.0",
        "@gi-types/gdk4": "^4.0.1",
        "@gi-types/glib2": "^2.68.0",
        "@gi-types/gobject2": "^2.68.0",
        "@gi-types/graphene1": "^1.0.1",
        "@gi-types/pango1": "^1.0.0"
      }
    },
    "node_modules/@gi-types/gtk4": {
      "version": "4.6.1",
      "resolved": "https://registry.npmjs.org/@gi-types/gtk4/-/gtk4-4.6.1.tgz",
      "integrity": "sha512-WtdHV2S/xParqwJX9BJ/OsGTzoEorEhVAP0W2eJpUk5rqfSlzIXHnNvFvs9T5sT43fRZmefVd3Id1EbxsHKeLg==",
      "dev": true,
      "dependencies": {
        "@gi-types/cairo1": "^1.0.0",
        "@gi-types/gdk4": "^4.0.1",
        "@gi-types/gdkpixbuf2": "^2.0.0",
        "@gi-types/gio2": "^2.68.0",
        "@gi-types/glib2": "^2.68.0",
        "@gi-types/gobject2": "^2.68.0",
        "@gi-types/graphene1": "^1.0.1",
        "@gi-types/gsk4": "^4.0.1",
        "@gi-types/pango1": "^1.50.1"
      }
    },
    "node_modules/@gi-types/harfbuzz2": {
      "version": "4.4.2",
      "resolved": "https://registry.npmjs.org/@gi-types/harfbuzz2/-/harfbuzz2-4.4.2.tgz",
      "integrity": "sha512-jsntc6SthoOdw4VSetTOKFI0BM1ccDISP1JQhnL5NETrVuYGnNAwRZ2oDIujuG0M70bHDv/MWKiZnmJxXNPrKw==",
      "dev": true,
      "dependencies": {
        "@gi-types/freetype22": "^2.0.1",
        "@gi-types/glib2": "^2.72.1",
        "@gi-types/gobject2": "^2.72.1"
      }
    },
    "node_modules/@gi-types/pango1": {
      "version": "1.50.1",
      "resolved": "https://registry.npmjs.org/@gi-types/pango1/-/pango1-1.50.1.tgz",
      "integrity": "sha512-SdpoZ5Fcz7Zo8Tal5Ap4Z/4SMqpo/PspORIadxmNZ3kafFOwK7TPvdWiUIBgua+i3uWiLnreKCGD/6rLJLbw3g==",
      "dev": true,
      "dependencies": {
        "@gi-types/gio2": "^2.72.1",
        "@gi-types/glib2": "^2.72.1",
        "@gi-types/gobject2": "^2.72.1",
        "@gi-types/harfbuzz2": "^4.4.2"
      }
    }
  },
  "dependencies": {
    "@gi-types/adw1": {
      "version": "1.1.1",
      "resolved": "https://registry.npmjs.org/@gi-types/adw1/-/adw1-1.1.1.tgz",
      "integrity": "sha512-w+NxplCUf2AeVdSwkicbVrIOB5QJd9BQo1BI3Xq+2IZkgMRePIUG9/eGsrvmzxKU00EiH211KEwqGe/2UOmomQ==",
      "dev": true,
      "requires": {
        "@gi-types/gdk4": "^4.0.1",
        "@gi-types/gio2": "^2.68.0",
        "@gi-types/glib2": "^2.68.0",
        "@gi-types/gobject2": "^2.68.0",
        "@gi-types/gsk4": "^4.0.1",
        "@gi-types/gtk4": "^4.6.1"
      }
    },
    "@gi-types/cairo1": {
      "version": "1.0.1",
      "resolved": "https://registry.npmjs.org/@gi-types/cairo1/-/cairo1-1.0.1.tgz",
      "integrity": "sha512-Q92XKfTWVmtF3LBX9Kx7TkdRjeaZeb8llC01p9WgbkVfFX1d2VO4LrqYgeNkThwmJpscHzDzGF0uv5njsfd4xg==",
      "dev": true,
      "requires": {
        "@gi-types/gobject2": "^2.72.1"
      }
    },
    "@gi-types/freetype22": {
      "version": "2.0.1",
      "resolved": "https://registry.npmjs.org/@gi-types/freetype22/-/freetype22-2.0.1.tgz",
      "integrity": "sha512-3p4XvTSn6o1UCGpla/1KhvMIwZkgIyBtGErbnXuAvGzULtlseQjX2IljY4fi2FKtFd9ngRtIIF71inRPUIj+1w==",
      "dev": true,
      "requires": {
        "@gi-types/gobject2": "^2.72.1"
      }
    },
    "@gi-types/gdk4": {
      "version": "4.0.1",
      "resolved": "https://registry.npmjs.org/@gi-types/gdk4/-/gdk4-4.0.1.tgz",
      "integrity": "sha512-Msf4bWdw8A0qorTvbvWgCwMno8nUCGLiDcEhNI6iqh6o8IJKchID9a51j6KeqpHkwSPZAcaR2TKM+CVafa4pOw==",
      "dev": true,
      "requires": {
        "@gi-types/cairo1": "^1.0.0",
        "@gi-types/gdkpixbuf2": "^2.0.0",
        "@gi-types/gio2": "^2.68.0",
        "@gi-types/glib2": "^2.68.0",
        "@gi-types/gobject2": "^2.68.0",
        "@gi-types/pango1": "^1.0.0"
      }
    },
    "@gi-types/gdkpixbuf2": {
      "version": "2.0.2",
      "resolved": "https://registry.npmjs.org/@gi-types/gdkpixbuf2/-/gdkpixbuf2-2.0.2.tgz",
      "integrity": "sha512-vwopihyKOjJszDPvMj+T2XO6hMWYRmhW/uSrfCeCudMhzmJBrpIzmRZTYfeTgMMDU8cuWydCjacbiD7hSio0tw==",
      "dev": true,
      "requires": {
        "@gi-types/gio2": "^2.72.1",
        "@gi-types/glib2": "^2.72.1",
        "@gi-types/gmodule2": "^2.0.1",
        "@gi-types/gobject2": "^2.72.1"
      }
    },
    "@gi-types/gio2": {
      "version": "2.72.1",
      "resolved": "https://registry.npmjs.org/@gi-types/gio2/-/gio2-2.72.1.tgz",
      "integrity": "sha512-V3ASxEbq4xBdw/rcROEbNrTqtFtWfwFOcOsXO+48JPIEqZRTJZcf9LX/ATxi9hxaZXogpmOBMsxuyNsd5ZQXyA==",
      "dev": true,
      "requires": {
        "@gi-types/glib2": "^2.72.1",
        "@gi-types/gobject2": "^2.72.1"
      }
    },
    "@gi-types/gjs-environment": {
      "version": "1.1.0",
      "resolved": "https://registry.npmjs.org/@gi-types/gjs-environment/-/gjs-environment-1.1.0.tgz",
      "integrity": "sha512-WXQ1xwuLou5qobQ76LyYxU5bgZYNbkypm3ZLphNWZLuj8C9MbWmb9BJihdq2IAAyH6+HIrrN6ss1syu7IJZUaA==",
      "dev": true,
      "requires": {
        "@gi-types/gio2": "^2.68.0",
        "@gi-types/glib2": "^2.68.0",
        "@gi-types/gobject2": "^2.68.0"
      }
    },
    "@gi-types/glib2": {
      "version": "2.72.1",
      "resolved": "https://registry.npmjs.org/@gi-types/glib2/-/glib2-2.72.1.tgz",
      "integrity": "sha512-Mfhs1UGV1a0GOLolqA1xC2oVV5cILbJjGh/M9Db3irqWNIWGM0LUFkoG2nRMBpJ0enhIYbqY9CCpGlMpAnyxOw==",
      "dev": true,
      "requires": {
        "@gi-types/gobject2": "^2.72.1"
      }
    },
    "@gi-types/gmodule2": {
      "version": "2.0.1",
      "resolved": "https://registry.npmjs.org/@gi-types/gmodule2/-/gmodule2-2.0.1.tgz",
      "integrity": "sha512-thIYqYL3ALKBLR/zpjrlXro1m9UTv6eAYyuIdpPtmQvlaggBLoUakYl6mzNmqcb22OIlq/8jJrVx+cjFxdPd/A==",
      "dev": true,
      "requires": {
        "@gi-types/glib2": "^2.72.1",
        "@gi-types/gobject2": "^2.72.1"
      }
    },
    "@gi-types/gobject2": {
      "version": "2.72.1",
      "resolved": "https://registry.npmjs.org/@gi-types/gobject2/-/gobject2-2.72.1.tgz",
      "integrity": "sha512-1UUD2zzwRo7vJLu0J62L1cgB39wjYNs1+6qS0UBhdLhzkOWK+CnVII9CNh21Z4YBs0Oa2d5REeGUiZO4d7a6Zw==",
      "dev": true,
      "requires": {
        "@gi-types/glib2": "^2.72.1"
      }
    },
    "@gi-types/graphene1": {
      "version": "1.0.1",
      "resolved": "https://registry.npmjs.org/@gi-types/graphene1/-/graphene1-1.0.1.tgz",
      "integrity": "sha512-O5cJG/eIi912eF1zcaXrSur25LgMJDU+VhFDnYuO4Latj32eypFJf5Sw3KOZvN2EoctIBxjutbXLOxYYKMBhHA==",
      "dev": true,
      "requires": {
        "@gi-types/gobject2": "^2.68.0"
      }
    },
    "@gi-types/gsk4": {
      "version": "4.0.1",
      "resolved": "https://registry.npmjs.org/@gi-types/gsk4/-/gsk4-4.0.1.tgz",
      "integrity": "sha512-/OtGBQwwtyQw7vjkfC4/P2pQf9hrtB89sXhDyKQG5B2UJ/LTAQQJNK7vu4u2W0Y922WK/zqrzimBy38JUoPO5Q==",
      "dev": true,
      "requires": {
        "@gi-types/cairo1": "^1.0.0",
        "@gi-types/gdk4": "^4.0.1",
        "@gi-types/glib2": "^2.68.0",
        "@gi-types/gobject2": "^2.68.0",
        "@gi-types/graphene1": "^1.0.1",
        "@gi-types/pango1": "^1.0.0"
      }
    },
    "@gi-types/gtk4": {
      "version": "4.6.1",
      "resolved": "https://registry.npmjs.org/@gi-types/gtk4/-/gtk4-4.6.1.tgz",
      "integrity": "sha512-WtdHV2S/xParqwJX9BJ/OsGTzoEorEhVAP0W2eJpUk5rqfSlzIXHnNvFvs9T5sT43fRZmefVd3Id1EbxsHKeLg==",
      "dev": true,
      "requires": {
        "@gi-types/cairo1": "^1.0.0",
        "@gi-types/gdk4": "^4.0.1",
        "@gi-types/gdkpixbuf2": "^2.0.0",
        "@gi-types/gio2": "^2.68.0",
        "@gi-types/glib2": "^2.68.0",
        "@gi-types/gobject2": "^2.68.0",
        "@gi-types/graphene1": "^1.0.1",
        "@gi-types/gsk4": "^4.0.1",
        "@gi-types/pango1": "^1.50.1"
      }
    },
    "@gi-types/harfbuzz2": {
      "version": "4.4.2",
      "resolved": "https://registry.npmjs.org/@gi-types/harfbuzz2/-/harfbuzz2-4.4.2.tgz",
      "integrity": "sha512-jsntc6SthoOdw4VSetTOKFI0BM1ccDISP1JQhnL5NETrVuYGnNAwRZ2oDIujuG0M70bHDv/MWKiZnmJxXNPrKw==",
      "dev": true,
      "requires": {
        "@gi-types/freetype22": "^2.0.1",
        "@gi-types/glib2": "^2.72.1",
        "@gi-types/gobject2": "^2.72.1"
      }
    },
    "@gi-types/pango1": {
      "version": "1.50.1",
      "resolved": "https://registry.npmjs.org/@gi-types/pango1/-/pango1-1.50.1.tgz",
      "integrity": "sha512-SdpoZ5Fcz7Zo8Tal5Ap4Z/4SMqpo/PspORIadxmNZ3kafFOwK7TPvdWiUIBgua+i3uWiLnreKCGD/6rLJLbw3g==",
      "dev": true,
      "requires": {
        "@gi-types/gio2": "^2.72.1",
        "@gi-types/glib2": "^2.72.1",
        "@gi-types/gobject2": "^2.72.1",
        "@gi-types/harfbuzz2": "^4.4.2"
      }
    }
  }
}
